
Microsoft Visual Studio Solution File, Format Version 12.00
# Visual Studio 15
VisualStudioVersion = 15.0.28307.438
MinimumVisualStudioVersion = 10.0.40219.1
Project("{FAE04EC0-301F-11D3-BF4B-00C04F79EFBC}") = "HelpDesk.WebUI", "HelpDesk.WebUI\HelpDesk.WebUI.csproj", "{2CC9BB04-C5DA-42B7-B4EE-047A530C9520}"
EndProject
Project("{FAE04EC0-301F-11D3-BF4B-00C04F79EFBC}") = "HelpDesk.BLL", "HelpDesk.BLL\HelpDesk.BLL.csproj", "{05C1D142-2AF7-4097-ABE3-6C0949BD7894}"
EndProject
Project("{FAE04EC0-301F-11D3-BF4B-00C04F79EFBC}") = "HelpDesk.DAL", "HelpDesk.DAL\HelpDesk.DAL.csproj", "{13200BA8-50A5-47EE-9292-CB5E39E62BD2}"
EndProject
Project("{FAE04EC0-301F-11D3-BF4B-00C04F79EFBC}") = "HelpDesk.Model", "HelpDesk.Model\HelpDesk.Model.csproj", "{C6D347A6-68C4-4E08-8DF3-4C2FE1326F57}"
EndProject
Project("{2150E333-8FDC-42A3-9474-1A3956D46DE8}") = "Template", "Template", "{BF075071-8267-46BF-904D-FDA1BA61B82E}"
EndProject
Project("{2150E333-8FDC-42A3-9474-1A3956D46DE8}") = "Project", "Project", "{D859ABBF-DA3E-4614-B40B-83B516E8094E}"
EndProject
Project("{FAE04EC0-301F-11D3-BF4B-00C04F79EFBC}") = "HelpDesk.Temp", "HelpDesk.Temp\HelpDesk.Temp.csproj", "{B60F212C-831B-45FC-A751-A9DBF6C63ADF}"
EndProject
Global
	GlobalSection(SolutionConfigurationPlatforms) = preSolution
		Debug|Any CPU = Debug|Any CPU
		Release|Any CPU = Release|Any CPU
	EndGlobalSection
	GlobalSection(ProjectConfigurationPlatforms) = postSolution
		{2CC9BB04-C5DA-42B7-B4EE-047A530C9520}.Debug|Any CPU.ActiveCfg = Debug|Any CPU
		{2CC9BB04-C5DA-42B7-B4EE-047A530C9520}.Debug|Any CPU.Build.0 = Debug|Any CPU
		{2CC9BB04-C5DA-42B7-B4EE-047A530C9520}.Release|Any CPU.ActiveCfg = Release|Any CPU
		{2CC9BB04-C5DA-42B7-B4EE-047A530C9520}.Release|Any CPU.Build.0 = Release|Any CPU
		{05C1D142-2AF7-4097-ABE3-6C0949BD7894}.Debug|Any CPU.ActiveCfg = Debug|Any CPU
		{05C1D142-2AF7-4097-ABE3-6C0949BD7894}.Debug|Any CPU.Build.0 = Debug|Any CPU
		{05C1D142-2AF7-4097-ABE3-6C0949BD7894}.Release|Any CPU.ActiveCfg = Release|Any CPU
		{05C1D142-2AF7-4097-ABE3-6C0949BD7894}.Release|Any CPU.Build.0 = Release|Any CPU
		{13200BA8-50A5-47EE-9292-CB5E39E62BD2}.Debug|Any CPU.ActiveCfg = Debug|Any CPU
		{13200BA8-50A5-47EE-9292-CB5E39E62BD2}.Debug|Any CPU.Build.0 = Debug|Any CPU
		{13200BA8-50A5-47EE-9292-CB5E39E62BD2}.Release|Any CPU.ActiveCfg = Release|Any CPU
		{13200BA8-50A5-47EE-9292-CB5E39E62BD2}.Release|Any CPU.Build.0 = Release|Any CPU
		{C6D347A6-68C4-4E08-8DF3-4C2FE1326F57}.Debug|Any CPU.ActiveCfg = Debug|Any CPU
		{C6D347A6-68C4-4E08-8DF3-4C2FE1326F57}.Debug|Any CPU.Build.0 = Debug|Any CPU
		{C6D347A6-68C4-4E08-8DF3-4C2FE1326F57}.Release|Any CPU.ActiveCfg = Release|Any CPU
		{C6D347A6-68C4-4E08-8DF3-4C2FE1326F57}.Release|Any CPU.Build.0 = Release|Any CPU
		{B60F212C-831B-45FC-A751-A9DBF6C63ADF}.Debug|Any CPU.ActiveCfg = Debug|Any CPU
		{B60F212C-831B-45FC-A751-A9DBF6C63ADF}.Debug|Any CPU.Build.0 = Debug|Any CPU
		{B60F212C-831B-45FC-A751-A9DBF6C63ADF}.Release|Any CPU.ActiveCfg = Release|Any CPU
		{B60F212C-831B-45FC-A751-A9DBF6C63ADF}.Release|Any CPU.Build.0 = Release|Any CPU
	EndGlobalSection
	GlobalSection(SolutionProperties) = preSolution
		HideSolutionNode = FALSE
	EndGlobalSection
	GlobalSection(NestedProjects) = preSolution
		{2CC9BB04-C5DA-42B7-B4EE-047A530C9520} = {D859ABBF-DA3E-4614-B40B-83B516E8094E}
		{05C1D142-2AF7-4097-ABE3-6C0949BD7894} = {D859ABBF-DA3E-4614-B40B-83B516E8094E}
		{13200BA8-50A5-47EE-9292-CB5E39E62BD2} = {D859ABBF-DA3E-4614-B40B-83B516E8094E}
		{C6D347A6-68C4-4E08-8DF3-4C2FE1326F57} = {D859ABBF-DA3E-4614-B40B-83B516E8094E}
		{B60F212C-831B-45FC-A751-A9DBF6C63ADF} = {BF075071-8267-46BF-904D-FDA1BA61B82E}
	EndGlobalSection
	GlobalSection(ExtensibilityGlobals) = postSolution
		SolutionGuid = {B95FBCA7-FE3B-427C-8424-91AC79ABB644}
	EndGlobalSection
EndGlobal
